{
  "version": 1,
  "dependencies": {
    "net8.0-windows7.0": {
      "DalamudPackager": {
        "type": "Direct",
        "requested": "[11.0.0, )",
        "resolved": "11.0.0",
        "contentHash": "bjT7XUlhIJSmsE/O76b7weUX+evvGQctbQB8aKXt94o+oPWxHpCepxAGMs7Thow3AzCyqWs7cOpp9/2wcgRRQA=="
      },
      "Krafs.Publicizer": {
        "type": "Direct",
        "requested": "[2.2.1, )",
        "resolved": "2.2.1",
        "contentHash": "QGI4nMGQbKsuFUUboixVHu4mv3lHB5RejIa7toIlzTmwLkuCYYEpUBJjmy3OpXYyj5dVSZAXVbr4oeMSloE67Q=="
      },
      "ecommons": {
        "type": "Project"
      }
    }
  }
}